
Microsoft Visual Studio Solution File, Format Version 12.00
# Visual Studio Version 17
VisualStudioVersion = 17.5.002.0
MinimumVisualStudioVersion = 10.0.40219.1
Project("{9A19103F-16F7-4668-BE54-9A1E7A4F7556}") = "learningapp", "learningapp.csproj", "{BAEB566E-AEC5-4157-8972-E597CF3B48E1}"
EndProject
Global
	GlobalSection(SolutionConfigurationPlatforms) = preSolution
		Debug|Any CPU = Debug|Any CPU
		Release|Any CPU = Release|Any CPU
	EndGlobalSection
	GlobalSection(ProjectConfigurationPlatforms) = postSolution
		{BAEB566E-AEC5-4157-8972-E597CF3B48E1}.Debug|Any CPU.ActiveCfg = Debug|Any CPU
		{BAEB566E-AEC5-4157-8972-E597CF3B48E1}.Debug|Any CPU.Build.0 = Debug|Any CPU
		{BAEB566E-AEC5-4157-8972-E597CF3B48E1}.Release|Any CPU.ActiveCfg = Release|Any CPU
		{BAEB566E-AEC5-4157-8972-E597CF3B48E1}.Release|Any CPU.Build.0 = Release|Any CPU
	EndGlobalSection
	GlobalSection(SolutionProperties) = preSolution
		HideSolutionNode = FALSE
	EndGlobalSection
	GlobalSection(ExtensibilityGlobals) = postSolution
		SolutionGuid = {5979C36F-1844-4D0D-A287-BB03CB11B16A}
	EndGlobalSection
EndGlobal
